{
  "name": "sicinfo-cms",
  "version": "0.1.0",
  "lockfileVersion": 3,
  "requires": true,
  "dev": true,
  "packages": {
    "": {
      "name": "sicinfo-cms",
      "version": "0.1.0",
      "dev": true,
      "license": "ISC",
      "devDependencies": {
        "sicinfo-cms": "file:"
      }
    },
    "../router": {
      "name": "sicinfo-router",
      "version": "0.2.0",
      "extraneous": true,
      "license": "ISC",
      "dependencies": {
        "http-errors": "github:jshttp/http-errors#semver:v2",
        "sicinfo-authjs": "github:sicinfo/authjs#semver:v0.1"
      },
      "devDependencies": {
        "chai": "*",
        "mocha": "*",
        "mocha-sinon": "*"
      }
    },
    "node_modules/sicinfo-cms": {
      "resolved": "",
      "link": true
    }
  }
}
