{
  "name": "server",
  "version": "1.0.0",
  "lockfileVersion": 3,
  "requires": true,
  "packages": {
    "": {
      "name": "server",
      "version": "1.0.0",
      "license": "ISC",
      "devDependencies": {
        "sicinfo-router": "file:../../../router"
      }
    },
    "../../../router": {
      "version": "0.2.0",
      "dev": true,
      "license": "ISC",
      "dependencies": {
        "http-errors": "github:jshttp/http-errors#semver:v2",
        "sicinfo-authjs": "github:sicinfo/authjs#semver:v0.1"
      },
      "devDependencies": {
        "chai": "*",
        "mocha": "*",
        "mocha-sinon": "*"
      }
    },
    "node_modules/sicinfo-router": {
      "resolved": "../../../router",
      "link": true
    }
  }
}
